
Microsoft Visual Studio Solution File, Format Version 12.00
# Visual Studio 15
VisualStudioVersion = 15.0.28010.2036
MinimumVisualStudioVersion = 10.0.40219.1
Project("{FAE04EC0-301F-11D3-BF4B-00C04F79EFBC}") = "DevBuild.LibraryTerminal_Lab", "DevBuild.LibraryTerminal_Lab\DevBuild.LibraryTerminal_Lab.csproj", "{48988894-49EB-4023-8CEF-19816E52E546}"
EndProject
Global
	GlobalSection(SolutionConfigurationPlatforms) = preSolution
		Debug|Any CPU = Debug|Any CPU
		Release|Any CPU = Release|Any CPU
	EndGlobalSection
	GlobalSection(ProjectConfigurationPlatforms) = postSolution
		{48988894-49EB-4023-8CEF-19816E52E546}.Debug|Any CPU.ActiveCfg = Debug|Any CPU
		{48988894-49EB-4023-8CEF-19816E52E546}.Debug|Any CPU.Build.0 = Debug|Any CPU
		{48988894-49EB-4023-8CEF-19816E52E546}.Release|Any CPU.ActiveCfg = Release|Any CPU
		{48988894-49EB-4023-8CEF-19816E52E546}.Release|Any CPU.Build.0 = Release|Any CPU
	EndGlobalSection
	GlobalSection(SolutionProperties) = preSolution
		HideSolutionNode = FALSE
	EndGlobalSection
	GlobalSection(ExtensibilityGlobals) = postSolution
		SolutionGuid = {FDD290C6-FFB9-4E81-A46B-3FE1E3AA2E4A}
	EndGlobalSection
EndGlobal
